
Microsoft Visual Studio Solution File, Format Version 12.00
# Visual Studio Version 16
VisualStudioVersion = 16.0.30517.126
MinimumVisualStudioVersion = 10.0.40219.1
Project("{FAE04EC0-301F-11D3-BF4B-00C04F79EFBC}") = "ASP.NET Core Api", "ASP.NET Core Api.csproj", "{602879E4-36D4-421D-A91B-95E0B66903FF}"
EndProject
Global
	GlobalSection(SolutionConfigurationPlatforms) = preSolution
		Debug|Any CPU = Debug|Any CPU
		Release|Any CPU = Release|Any CPU
	EndGlobalSection
	GlobalSection(ProjectConfigurationPlatforms) = postSolution
		{602879E4-36D4-421D-A91B-95E0B66903FF}.Debug|Any CPU.ActiveCfg = Debug|Any CPU
		{602879E4-36D4-421D-A91B-95E0B66903FF}.Debug|Any CPU.Build.0 = Debug|Any CPU
		{602879E4-36D4-421D-A91B-95E0B66903FF}.Release|Any CPU.ActiveCfg = Release|Any CPU
		{602879E4-36D4-421D-A91B-95E0B66903FF}.Release|Any CPU.Build.0 = Release|Any CPU
	EndGlobalSection
	GlobalSection(SolutionProperties) = preSolution
		HideSolutionNode = FALSE
	EndGlobalSection
	GlobalSection(ExtensibilityGlobals) = postSolution
		SolutionGuid = {3ACBF308-9142-43DD-829F-60B33CEE3F74}
	EndGlobalSection
EndGlobal
