
Microsoft Visual Studio Solution File, Format Version 12.00
# Visual Studio Version 16
VisualStudioVersion = 16.0.30517.126
MinimumVisualStudioVersion = 10.0.40219.1
Project("{FAE04EC0-301F-11D3-BF4B-00C04F79EFBC}") = "Xamarin Forms Project.Android", "Xamarin Forms Project.Android\Xamarin Forms Project.Android.csproj", "{33925F66-CBE0-4464-A6A9-E648597F972C}"
EndProject
Project("{FAE04EC0-301F-11D3-BF4B-00C04F79EFBC}") = "Xamarin Forms Project.iOS", "Xamarin Forms Project.iOS\Xamarin Forms Project.iOS.csproj", "{7135D494-33E8-4365-8A44-C1F758B69B60}"
EndProject
Project("{FAE04EC0-301F-11D3-BF4B-00C04F79EFBC}") = "Xamarin Forms Project", "Xamarin Forms Project\Xamarin Forms Project.csproj", "{BD0C9D4F-75C7-466A-9738-9F24104BC956}"
EndProject
Global
	GlobalSection(SolutionConfigurationPlatforms) = preSolution
		Debug|Any CPU = Debug|Any CPU
		Debug|iPhone = Debug|iPhone
		Debug|iPhoneSimulator = Debug|iPhoneSimulator
		Release|Any CPU = Release|Any CPU
		Release|iPhone = Release|iPhone
		Release|iPhoneSimulator = Release|iPhoneSimulator
	EndGlobalSection
	GlobalSection(ProjectConfigurationPlatforms) = postSolution
		{33925F66-CBE0-4464-A6A9-E648597F972C}.Debug|Any CPU.ActiveCfg = Debug|Any CPU
		{33925F66-CBE0-4464-A6A9-E648597F972C}.Debug|Any CPU.Build.0 = Debug|Any CPU
		{33925F66-CBE0-4464-A6A9-E648597F972C}.Debug|Any CPU.Deploy.0 = Debug|Any CPU
		{33925F66-CBE0-4464-A6A9-E648597F972C}.Debug|iPhone.ActiveCfg = Debug|Any CPU
		{33925F66-CBE0-4464-A6A9-E648597F972C}.Debug|iPhone.Build.0 = Debug|Any CPU
		{33925F66-CBE0-4464-A6A9-E648597F972C}.Debug|iPhone.Deploy.0 = Debug|Any CPU
		{33925F66-CBE0-4464-A6A9-E648597F972C}.Debug|iPhoneSimulator.ActiveCfg = Debug|Any CPU
		{33925F66-CBE0-4464-A6A9-E648597F972C}.Debug|iPhoneSimulator.Build.0 = Debug|Any CPU
		{33925F66-CBE0-4464-A6A9-E648597F972C}.Debug|iPhoneSimulator.Deploy.0 = Debug|Any CPU
		{33925F66-CBE0-4464-A6A9-E648597F972C}.Release|Any CPU.ActiveCfg = Release|Any CPU
		{33925F66-CBE0-4464-A6A9-E648597F972C}.Release|Any CPU.Build.0 = Release|Any CPU
		{33925F66-CBE0-4464-A6A9-E648597F972C}.Release|Any CPU.Deploy.0 = Release|Any CPU
		{33925F66-CBE0-4464-A6A9-E648597F972C}.Release|iPhone.ActiveCfg = Release|Any CPU
		{33925F66-CBE0-4464-A6A9-E648597F972C}.Release|iPhone.Build.0 = Release|Any CPU
		{33925F66-CBE0-4464-A6A9-E648597F972C}.Release|iPhone.Deploy.0 = Release|Any CPU
		{33925F66-CBE0-4464-A6A9-E648597F972C}.Release|iPhoneSimulator.ActiveCfg = Release|Any CPU
		{33925F66-CBE0-4464-A6A9-E648597F972C}.Release|iPhoneSimulator.Build.0 = Release|Any CPU
		{33925F66-CBE0-4464-A6A9-E648597F972C}.Release|iPhoneSimulator.Deploy.0 = Release|Any CPU
		{7135D494-33E8-4365-8A44-C1F758B69B60}.Debug|Any CPU.ActiveCfg = Debug|iPhone
		{7135D494-33E8-4365-8A44-C1F758B69B60}.Debug|Any CPU.Build.0 = Debug|iPhone
		{7135D494-33E8-4365-8A44-C1F758B69B60}.Debug|Any CPU.Deploy.0 = Debug|iPhone
		{7135D494-33E8-4365-8A44-C1F758B69B60}.Debug|iPhone.ActiveCfg = Debug|iPhone
		{7135D494-33E8-4365-8A44-C1F758B69B60}.Debug|iPhone.Build.0 = Debug|iPhone
		{7135D494-33E8-4365-8A44-C1F758B69B60}.Debug|iPhone.Deploy.0 = Debug|iPhone
		{7135D494-33E8-4365-8A44-C1F758B69B60}.Debug|iPhoneSimulator.ActiveCfg = Debug|iPhoneSimulator
		{7135D494-33E8-4365-8A44-C1F758B69B60}.Debug|iPhoneSimulator.Build.0 = Debug|iPhoneSimulator
		{7135D494-33E8-4365-8A44-C1F758B69B60}.Debug|iPhoneSimulator.Deploy.0 = Debug|iPhoneSimulator
		{7135D494-33E8-4365-8A44-C1F758B69B60}.Release|Any CPU.ActiveCfg = Release|iPhoneSimulator
		{7135D494-33E8-4365-8A44-C1F758B69B60}.Release|Any CPU.Build.0 = Release|iPhoneSimulator
		{7135D494-33E8-4365-8A44-C1F758B69B60}.Release|Any CPU.Deploy.0 = Release|iPhoneSimulator
		{7135D494-33E8-4365-8A44-C1F758B69B60}.Release|iPhone.ActiveCfg = Release|iPhone
		{7135D494-33E8-4365-8A44-C1F758B69B60}.Release|iPhone.Build.0 = Release|iPhone
		{7135D494-33E8-4365-8A44-C1F758B69B60}.Release|iPhone.Deploy.0 = Release|iPhone
		{7135D494-33E8-4365-8A44-C1F758B69B60}.Release|iPhoneSimulator.ActiveCfg = Release|iPhoneSimulator
		{7135D494-33E8-4365-8A44-C1F758B69B60}.Release|iPhoneSimulator.Build.0 = Release|iPhoneSimulator
		{7135D494-33E8-4365-8A44-C1F758B69B60}.Release|iPhoneSimulator.Deploy.0 = Release|iPhoneSimulator
		{BD0C9D4F-75C7-466A-9738-9F24104BC956}.Debug|Any CPU.ActiveCfg = Debug|Any CPU
		{BD0C9D4F-75C7-466A-9738-9F24104BC956}.Debug|Any CPU.Build.0 = Debug|Any CPU
		{BD0C9D4F-75C7-466A-9738-9F24104BC956}.Debug|Any CPU.Deploy.0 = Debug|Any CPU
		{BD0C9D4F-75C7-466A-9738-9F24104BC956}.Debug|iPhone.ActiveCfg = Debug|Any CPU
		{BD0C9D4F-75C7-466A-9738-9F24104BC956}.Debug|iPhone.Build.0 = Debug|Any CPU
		{BD0C9D4F-75C7-466A-9738-9F24104BC956}.Debug|iPhone.Deploy.0 = Debug|Any CPU
		{BD0C9D4F-75C7-466A-9738-9F24104BC956}.Debug|iPhoneSimulator.ActiveCfg = Debug|Any CPU
		{BD0C9D4F-75C7-466A-9738-9F24104BC956}.Debug|iPhoneSimulator.Build.0 = Debug|Any CPU
		{BD0C9D4F-75C7-466A-9738-9F24104BC956}.Debug|iPhoneSimulator.Deploy.0 = Debug|Any CPU
		{BD0C9D4F-75C7-466A-9738-9F24104BC956}.Release|Any CPU.ActiveCfg = Release|Any CPU
		{BD0C9D4F-75C7-466A-9738-9F24104BC956}.Release|Any CPU.Build.0 = Release|Any CPU
		{BD0C9D4F-75C7-466A-9738-9F24104BC956}.Release|Any CPU.Deploy.0 = Release|Any CPU
		{BD0C9D4F-75C7-466A-9738-9F24104BC956}.Release|iPhone.ActiveCfg = Release|Any CPU
		{BD0C9D4F-75C7-466A-9738-9F24104BC956}.Release|iPhone.Build.0 = Release|Any CPU
		{BD0C9D4F-75C7-466A-9738-9F24104BC956}.Release|iPhone.Deploy.0 = Release|Any CPU
		{BD0C9D4F-75C7-466A-9738-9F24104BC956}.Release|iPhoneSimulator.ActiveCfg = Release|Any CPU
		{BD0C9D4F-75C7-466A-9738-9F24104BC956}.Release|iPhoneSimulator.Build.0 = Release|Any CPU
		{BD0C9D4F-75C7-466A-9738-9F24104BC956}.Release|iPhoneSimulator.Deploy.0 = Release|Any CPU
	EndGlobalSection
	GlobalSection(SolutionProperties) = preSolution
		HideSolutionNode = FALSE
	EndGlobalSection
	GlobalSection(ExtensibilityGlobals) = postSolution
		SolutionGuid = {E31CAFC2-DCCE-4DDC-85C0-47F3969CC79A}
	EndGlobalSection
EndGlobal
